
Microsoft Visual Studio Solution File, Format Version 12.00
# Visual Studio 14
VisualStudioVersion = 14.0.24720.0
MinimumVisualStudioVersion = 10.0.40219.1
Project("{2150E333-8FDC-42A3-9474-1A3956D46DE8}") = "UI", "UI", "{976D8116-1A4F-433D-A9C8-D4E3AA1ECFC3}"
EndProject
Project("{2150E333-8FDC-42A3-9474-1A3956D46DE8}") = "Domain", "Domain", "{3D46E760-0170-4183-BD1E-DDF91088B9AC}"
EndProject
Project("{2150E333-8FDC-42A3-9474-1A3956D46DE8}") = "Repositories", "Repositories", "{EC9DF2C9-BC20-430C-B162-1DA46A96E5A6}"
EndProject
Project("{2150E333-8FDC-42A3-9474-1A3956D46DE8}") = "Helpers", "Helpers", "{8271E8C0-41B9-4BC4-8019-6D9533C6F179}"
EndProject
Project("{2150E333-8FDC-42A3-9474-1A3956D46DE8}") = "App", "App", "{4786E16F-FE1E-4699-A33C-C41CB07124F0}"
EndProject
Project("{2150E333-8FDC-42A3-9474-1A3956D46DE8}") = "StartUp", "StartUp", "{F5BD25D3-1EC9-4561-BDD4-32CCFCA8037F}"
EndProject
Project("{FAE04EC0-301F-11D3-BF4B-00C04F79EFBC}") = "AcmeWebsite.Domain", "AcmeWebsite.Domain\AcmeWebsite.Domain.csproj", "{5F589412-81BE-4D55-9036-E905EA246B89}"
	ProjectSection(ProjectDependencies) = postProject
		{A2F3107A-9FD3-441C-9B46-52E492CCD9E0} = {A2F3107A-9FD3-441C-9B46-52E492CCD9E0}
	EndProjectSection
EndProject
Project("{FAE04EC0-301F-11D3-BF4B-00C04F79EFBC}") = "AcmeWebsite.Domain.Tests", "AcmeWebsite.Domain.Tests\AcmeWebsite.Domain.Tests.csproj", "{BFC7A60E-F873-45B7-99FE-569851A648EC}"
EndProject
Project("{FAE04EC0-301F-11D3-BF4B-00C04F79EFBC}") = "AcmeWebsite.Helpers", "AcmeWebsite.Helpers\AcmeWebsite.Helpers.csproj", "{A2F3107A-9FD3-441C-9B46-52E492CCD9E0}"
EndProject
Project("{FAE04EC0-301F-11D3-BF4B-00C04F79EFBC}") = "AcmeWebsite.Helpers.Tests", "AcmeWebsite.Helpers.Tests\AcmeWebsite.Helpers.Tests.csproj", "{85931DD1-8381-47F3-8159-8D9F73918C36}"
EndProject
Project("{FAE04EC0-301F-11D3-BF4B-00C04F79EFBC}") = "AcmeWebsite.Repositories", "AcmeWebsite.Repositories\AcmeWebsite.Repositories.csproj", "{AB654841-9EEF-43FA-A17C-C547154ABFEF}"
	ProjectSection(ProjectDependencies) = postProject
		{5F589412-81BE-4D55-9036-E905EA246B89} = {5F589412-81BE-4D55-9036-E905EA246B89}
		{A2F3107A-9FD3-441C-9B46-52E492CCD9E0} = {A2F3107A-9FD3-441C-9B46-52E492CCD9E0}
	EndProjectSection
EndProject
Project("{FAE04EC0-301F-11D3-BF4B-00C04F79EFBC}") = "AcmeWebsite.Repositories.Tests", "AcmeWebsite.Repositories.Tests\AcmeWebsite.Repositories.Tests.csproj", "{0DA8D235-CDE8-4CE3-B189-97C5FD8BC124}"
	ProjectSection(ProjectDependencies) = postProject
		{A2F3107A-9FD3-441C-9B46-52E492CCD9E0} = {A2F3107A-9FD3-441C-9B46-52E492CCD9E0}
	EndProjectSection
EndProject
Project("{FAE04EC0-301F-11D3-BF4B-00C04F79EFBC}") = "AcmeWebsite.StartUp", "AcmeWebsite.StartUp\AcmeWebsite.StartUp.csproj", "{4ACBE32F-2DAC-4E4A-8AFB-37D6D99142A4}"
	ProjectSection(ProjectDependencies) = postProject
		{5F589412-81BE-4D55-9036-E905EA246B89} = {5F589412-81BE-4D55-9036-E905EA246B89}
		{AB654841-9EEF-43FA-A17C-C547154ABFEF} = {AB654841-9EEF-43FA-A17C-C547154ABFEF}
	EndProjectSection
EndProject
Project("{FAE04EC0-301F-11D3-BF4B-00C04F79EFBC}") = "AcmeWebsite.StartUp.Tests", "AcmeWebsite.StartUp.Tests\AcmeWebsite.StartUp.Tests.csproj", "{6D7E4001-1E80-4FFA-A92B-DDFD8EA28F3B}"
EndProject
Project("{FAE04EC0-301F-11D3-BF4B-00C04F79EFBC}") = "AcmeWebsite.Web", "AcmeWebsite.Web\AcmeWebsite.Web.csproj", "{CC156750-AD66-4528-AD85-E4C118C979D4}"
EndProject
Project("{FAE04EC0-301F-11D3-BF4B-00C04F79EFBC}") = "AcmeWebsite.WebTests", "AcmeWebsite.WebTests\AcmeWebsite.WebTests.csproj", "{34C5B74F-6210-448B-B01A-400BADC88643}"
EndProject
Project("{FAE04EC0-301F-11D3-BF4B-00C04F79EFBC}") = "AcmeWebsite.AppWebApi", "AcmeWebsite.AppApi\AcmeWebsite.AppWebApi.csproj", "{BF4086A8-7072-4111-9499-FCFAA68AF24D}"
EndProject
Global
	GlobalSection(SolutionConfigurationPlatforms) = preSolution
		Debug|Any CPU = Debug|Any CPU
		Release|Any CPU = Release|Any CPU
	EndGlobalSection
	GlobalSection(ProjectConfigurationPlatforms) = postSolution
		{5F589412-81BE-4D55-9036-E905EA246B89}.Debug|Any CPU.ActiveCfg = Debug|Any CPU
		{5F589412-81BE-4D55-9036-E905EA246B89}.Debug|Any CPU.Build.0 = Debug|Any CPU
		{5F589412-81BE-4D55-9036-E905EA246B89}.Release|Any CPU.ActiveCfg = Release|Any CPU
		{5F589412-81BE-4D55-9036-E905EA246B89}.Release|Any CPU.Build.0 = Release|Any CPU
		{BFC7A60E-F873-45B7-99FE-569851A648EC}.Debug|Any CPU.ActiveCfg = Debug|Any CPU
		{BFC7A60E-F873-45B7-99FE-569851A648EC}.Debug|Any CPU.Build.0 = Debug|Any CPU
		{BFC7A60E-F873-45B7-99FE-569851A648EC}.Release|Any CPU.ActiveCfg = Release|Any CPU
		{BFC7A60E-F873-45B7-99FE-569851A648EC}.Release|Any CPU.Build.0 = Release|Any CPU
		{A2F3107A-9FD3-441C-9B46-52E492CCD9E0}.Debug|Any CPU.ActiveCfg = Debug|Any CPU
		{A2F3107A-9FD3-441C-9B46-52E492CCD9E0}.Debug|Any CPU.Build.0 = Debug|Any CPU
		{A2F3107A-9FD3-441C-9B46-52E492CCD9E0}.Release|Any CPU.ActiveCfg = Release|Any CPU
		{A2F3107A-9FD3-441C-9B46-52E492CCD9E0}.Release|Any CPU.Build.0 = Release|Any CPU
		{85931DD1-8381-47F3-8159-8D9F73918C36}.Debug|Any CPU.ActiveCfg = Debug|Any CPU
		{85931DD1-8381-47F3-8159-8D9F73918C36}.Debug|Any CPU.Build.0 = Debug|Any CPU
		{85931DD1-8381-47F3-8159-8D9F73918C36}.Release|Any CPU.ActiveCfg = Release|Any CPU
		{85931DD1-8381-47F3-8159-8D9F73918C36}.Release|Any CPU.Build.0 = Release|Any CPU
		{AB654841-9EEF-43FA-A17C-C547154ABFEF}.Debug|Any CPU.ActiveCfg = Debug|Any CPU
		{AB654841-9EEF-43FA-A17C-C547154ABFEF}.Debug|Any CPU.Build.0 = Debug|Any CPU
		{AB654841-9EEF-43FA-A17C-C547154ABFEF}.Release|Any CPU.ActiveCfg = Release|Any CPU
		{AB654841-9EEF-43FA-A17C-C547154ABFEF}.Release|Any CPU.Build.0 = Release|Any CPU
		{0DA8D235-CDE8-4CE3-B189-97C5FD8BC124}.Debug|Any CPU.ActiveCfg = Debug|Any CPU
		{0DA8D235-CDE8-4CE3-B189-97C5FD8BC124}.Debug|Any CPU.Build.0 = Debug|Any CPU
		{0DA8D235-CDE8-4CE3-B189-97C5FD8BC124}.Release|Any CPU.ActiveCfg = Release|Any CPU
		{0DA8D235-CDE8-4CE3-B189-97C5FD8BC124}.Release|Any CPU.Build.0 = Release|Any CPU
		{4ACBE32F-2DAC-4E4A-8AFB-37D6D99142A4}.Debug|Any CPU.ActiveCfg = Debug|Any CPU
		{4ACBE32F-2DAC-4E4A-8AFB-37D6D99142A4}.Debug|Any CPU.Build.0 = Debug|Any CPU
		{4ACBE32F-2DAC-4E4A-8AFB-37D6D99142A4}.Release|Any CPU.ActiveCfg = Release|Any CPU
		{4ACBE32F-2DAC-4E4A-8AFB-37D6D99142A4}.Release|Any CPU.Build.0 = Release|Any CPU
		{6D7E4001-1E80-4FFA-A92B-DDFD8EA28F3B}.Debug|Any CPU.ActiveCfg = Debug|Any CPU
		{6D7E4001-1E80-4FFA-A92B-DDFD8EA28F3B}.Debug|Any CPU.Build.0 = Debug|Any CPU
		{6D7E4001-1E80-4FFA-A92B-DDFD8EA28F3B}.Release|Any CPU.ActiveCfg = Release|Any CPU
		{6D7E4001-1E80-4FFA-A92B-DDFD8EA28F3B}.Release|Any CPU.Build.0 = Release|Any CPU
		{CC156750-AD66-4528-AD85-E4C118C979D4}.Debug|Any CPU.ActiveCfg = Debug|Any CPU
		{CC156750-AD66-4528-AD85-E4C118C979D4}.Debug|Any CPU.Build.0 = Debug|Any CPU
		{CC156750-AD66-4528-AD85-E4C118C979D4}.Release|Any CPU.ActiveCfg = Release|Any CPU
		{CC156750-AD66-4528-AD85-E4C118C979D4}.Release|Any CPU.Build.0 = Release|Any CPU
		{34C5B74F-6210-448B-B01A-400BADC88643}.Debug|Any CPU.ActiveCfg = Debug|Any CPU
		{34C5B74F-6210-448B-B01A-400BADC88643}.Debug|Any CPU.Build.0 = Debug|Any CPU
		{34C5B74F-6210-448B-B01A-400BADC88643}.Release|Any CPU.ActiveCfg = Release|Any CPU
		{34C5B74F-6210-448B-B01A-400BADC88643}.Release|Any CPU.Build.0 = Release|Any CPU
		{BF4086A8-7072-4111-9499-FCFAA68AF24D}.Debug|Any CPU.ActiveCfg = Debug|Any CPU
		{BF4086A8-7072-4111-9499-FCFAA68AF24D}.Debug|Any CPU.Build.0 = Debug|Any CPU
		{BF4086A8-7072-4111-9499-FCFAA68AF24D}.Release|Any CPU.ActiveCfg = Release|Any CPU
		{BF4086A8-7072-4111-9499-FCFAA68AF24D}.Release|Any CPU.Build.0 = Release|Any CPU
	EndGlobalSection
	GlobalSection(SolutionProperties) = preSolution
		HideSolutionNode = FALSE
	EndGlobalSection
	GlobalSection(NestedProjects) = preSolution
		{5F589412-81BE-4D55-9036-E905EA246B89} = {3D46E760-0170-4183-BD1E-DDF91088B9AC}
		{BFC7A60E-F873-45B7-99FE-569851A648EC} = {3D46E760-0170-4183-BD1E-DDF91088B9AC}
		{A2F3107A-9FD3-441C-9B46-52E492CCD9E0} = {8271E8C0-41B9-4BC4-8019-6D9533C6F179}
		{85931DD1-8381-47F3-8159-8D9F73918C36} = {8271E8C0-41B9-4BC4-8019-6D9533C6F179}
		{AB654841-9EEF-43FA-A17C-C547154ABFEF} = {EC9DF2C9-BC20-430C-B162-1DA46A96E5A6}
		{0DA8D235-CDE8-4CE3-B189-97C5FD8BC124} = {EC9DF2C9-BC20-430C-B162-1DA46A96E5A6}
		{4ACBE32F-2DAC-4E4A-8AFB-37D6D99142A4} = {F5BD25D3-1EC9-4561-BDD4-32CCFCA8037F}
		{6D7E4001-1E80-4FFA-A92B-DDFD8EA28F3B} = {F5BD25D3-1EC9-4561-BDD4-32CCFCA8037F}
		{CC156750-AD66-4528-AD85-E4C118C979D4} = {976D8116-1A4F-433D-A9C8-D4E3AA1ECFC3}
		{34C5B74F-6210-448B-B01A-400BADC88643} = {976D8116-1A4F-433D-A9C8-D4E3AA1ECFC3}
		{BF4086A8-7072-4111-9499-FCFAA68AF24D} = {4786E16F-FE1E-4699-A33C-C41CB07124F0}
	EndGlobalSection
EndGlobal
